// !$*UTF8*$!
{
	archiveVersion = 1;
	classes = {
	};
	objectVersion = 48;
	objects = {

/* Begin PBXBuildFile section */
		8476C8E020E521A6002E5063 /* ConcentrationThemeChooserViewController.swift in Sources */ = {isa = PBXBuildFile; fileRef = 8476C8DF20E521A6002E5063 /* ConcentrationThemeChooserViewController.swift */; };
		84803CCE20E2558D00A3E2D1 /* AppDelegate.swift in Sources */ = {isa = PBXBuildFile; fileRef = 84803CCD20E2558D00A3E2D1 /* AppDelegate.swift */; };
		84803CD020E2558D00A3E2D1 /* ConcentrastionViewController.swift in Sources */ = {isa = PBXBuildFile; fileRef = 84803CCF20E2558D00A3E2D1 /* ConcentrastionViewController.swift */; };
		84803CD320E2558D00A3E2D1 /* Main.storyboard in Resources */ = {isa = PBXBuildFile; fileRef = 84803CD120E2558D00A3E2D1 /* Main.storyboard */; };
		84803CD520E2558D00A3E2D1 /* Assets.xcassets in Resources */ = {isa = PBXBuildFile; fileRef = 84803CD420E2558D00A3E2D1 /* Assets.xcassets */; };
		84803CD820E2558D00A3E2D1 /* LaunchScreen.storyboard in Resources */ = {isa = PBXBuildFile; fileRef = 84803CD620E2558D00A3E2D1 /* LaunchScreen.storyboard */; };
		84803CE120E290BB00A3E2D1 /* Concentration.swift in Sources */ = {isa = PBXBuildFile; fileRef = 84803CE020E290BB00A3E2D1 /* Concentration.swift */; };
		84803CE320E291F700A3E2D1 /* Card.swift in Sources */ = {isa = PBXBuildFile; fileRef = 84803CE220E291F700A3E2D1 /* Card.swift */; };
/* End PBXBuildFile section */

/* Begin PBXFileReference section */
		8476C8DF20E521A6002E5063 /* ConcentrationThemeChooserViewController.swift */ = {isa = PBXFileReference; lastKnownFileType = sourcecode.swift; path = ConcentrationThemeChooserViewController.swift; sourceTree = "<group>"; };
		84803CCA20E2558D00A3E2D1 /* Cincentration.app */ = {isa = PBXFileReference; explicitFileType = wrapper.application; includeInIndex = 0; path = Cincentration.app; sourceTree = BUILT_PRODUCTS_DIR; };
		84803CCD20E2558D00A3E2D1 /* AppDelegate.swift */ = {isa = PBXFileReference; lastKnownFileType = sourcecode.swift; path = AppDelegate.swift; sourceTree = "<group>"; };
		84803CCF20E2558D00A3E2D1 /* ConcentrastionViewController.swift */ = {isa = PBXFileReference; lastKnownFileType = sourcecode.swift; path = ConcentrastionViewController.swift; sourceTree = "<group>"; };
		84803CD220E2558D00A3E2D1 /* Base */ = {isa = PBXFileReference; lastKnownFileType = file.storyboard; name = Base; path = Base.lproj/Main.storyboard; sourceTree = "<group>"; };
		84803CD420E2558D00A3E2D1 /* Assets.xcassets */ = {isa = PBXFileReference; lastKnownFileType = folder.assetcatalog; path = Assets.xcassets; sourceTree = "<group>"; };
		84803CD720E2558D00A3E2D1 /* Base */ = {isa = PBXFileReference; lastKnownFileType = file.storyboard; name = Base; path = Base.lproj/LaunchScreen.storyboard; sourceTree = "<group>"; };
		84803CD920E2558D00A3E2D1 /* Info.plist */ = {isa = PBXFileReference; lastKnownFileType = text.plist.xml; path = Info.plist; sourceTree = "<group>"; };
		84803CE020E290BB00A3E2D1 /* Concentration.swift */ = {isa = PBXFileReference; lastKnownFileType = sourcecode.swift; path = Concentration.swift; sourceTree = "<group>"; xcLanguageSpecificationIdentifier = xcode.lang.swift; };
		84803CE220E291F700A3E2D1 /* Card.swift */ = {isa = PBXFileReference; lastKnownFileType = sourcecode.swift; path = Card.swift; sourceTree = "<group>"; };
/* End PBXFileReference section */

/* Begin PBXFrameworksBuildPhase section */
		84803CC720E2558D00A3E2D1 /* Frameworks */ = {
			isa = PBXFrameworksBuildPhase;
			buildActionMask = 2147483647;
			files = (
			);
			runOnlyForDeploymentPostprocessing = 0;
		};
/* End PBXFrameworksBuildPhase section */

/* Begin PBXGroup section */
		84803CC120E2558D00A3E2D1 = {
			isa = PBXGroup;
			children = (
				84803CCC20E2558D00A3E2D1 /* Cincentration */,
				84803CCB20E2558D00A3E2D1 /* Products */,
			);
			sourceTree = "<group>";
		};
		84803CCB20E2558D00A3E2D1 /* Products */ = {
			isa = PBXGroup;
			children = (
				84803CCA20E2558D00A3E2D1 /* Cincentration.app */,
			);
			name = Products;
			sourceTree = "<group>";
		};
		84803CCC20E2558D00A3E2D1 /* Cincentration */ = {
			isa = PBXGroup;
			children = (
				8476C8DF20E521A6002E5063 /* ConcentrationThemeChooserViewController.swift */,
				84803CCF20E2558D00A3E2D1 /* ConcentrastionViewController.swift */,
				84803CE020E290BB00A3E2D1 /* Concentration.swift */,
				84803CE220E291F700A3E2D1 /* Card.swift */,
				84803CD120E2558D00A3E2D1 /* Main.storyboard */,
				84803CDF20E2572A00A3E2D1 /* Supporting Files */,
				84803CD920E2558D00A3E2D1 /* Info.plist */,
			);
			path = Cincentration;
			sourceTree = "<group>";
		};
		84803CDF20E2572A00A3E2D1 /* Supporting Files */ = {
			isa = PBXGroup;
			children = (
				84803CCD20E2558D00A3E2D1 /* AppDelegate.swift */,
				84803CD420E2558D00A3E2D1 /* Assets.xcassets */,
				84803CD620E2558D00A3E2D1 /* LaunchScreen.storyboard */,
			);
			path = "Supporting Files";
			sourceTree = "<group>";
		};
/* End PBXGroup section */

/* Begin PBXNativeTarget section */
		84803CC920E2558D00A3E2D1 /* Cincentration */ = {
			isa = PBXNativeTarget;
			buildConfigurationList = 84803CDC20E2558D00A3E2D1 /* Build configuration list for PBXNativeTarget "Cincentration" */;
			buildPhases = (
				84803CC620E2558D00A3E2D1 /* Sources */,
				84803CC720E2558D00A3E2D1 /* Frameworks */,
				84803CC820E2558D00A3E2D1 /* Resources */,
			);
			buildRules = (
			);
			dependencies = (
			);
			name = Cincentration;
			productName = Cincentration;
			productReference = 84803CCA20E2558D00A3E2D1 /* Cincentration.app */;
			productType = "com.apple.product-type.application";
		};
/* End PBXNativeTarget section */

/* Begin PBXProject section */
		84803CC220E2558D00A3E2D1 /* Project object */ = {
			isa = PBXProject;
			attributes = {
				LastSwiftUpdateCheck = 0920;
				LastUpgradeCheck = 0920;
				ORGANIZATIONNAME = Admin;
				TargetAttributes = {
					84803CC920E2558D00A3E2D1 = {
						CreatedOnToolsVersion = 9.2;
						ProvisioningStyle = Automatic;
					};
				};
			};
			buildConfigurationList = 84803CC520E2558D00A3E2D1 /* Build configuration list for PBXProject "Cincentration" */;
			compatibilityVersion = "Xcode 8.0";
			developmentRegion = en;
			hasScannedForEncodings = 0;
			knownRegions = (
				en,
				Base,
			);
			mainGroup = 84803CC120E2558D00A3E2D1;
			productRefGroup = 84803CCB20E2558D00A3E2D1 /* Products */;
			projectDirPath = "";
			projectRoot = "";
			targets = (
				84803CC920E2558D00A3E2D1 /* Cincentration */,
			);
		};
/* End PBXProject section */

/* Begin PBXResourcesBuildPhase section */
		84803CC820E2558D00A3E2D1 /* Resources */ = {
			isa = PBXResourcesBuildPhase;
			buildActionMask = 2147483647;
			files = (
				84803CD820E2558D00A3E2D1 /* LaunchScreen.storyboard in Resources */,
				84803CD520E2558D00A3E2D1 /* Assets.xcassets in Resources */,
				84803CD320E2558D00A3E2D1 /* Main.storyboard in Resources */,
			);
			runOnlyForDeploymentPostprocessing = 0;
		};
/* End PBXResourcesBuildPhase section */

/* Begin PBXSourcesBuildPhase section */
		84803CC620E2558D00A3E2D1 /* Sources */ = {
			isa = PBXSourcesBuildPhase;
			buildActionMask = 2147483647;
			files = (
				8476C8E020E521A6002E5063 /* ConcentrationThemeChooserViewController.swift in Sources */,
				84803CD020E2558D00A3E2D1 /* ConcentrastionViewController.swift in Sources */,
				84803CCE20E2558D00A3E2D1 /* AppDelegate.swift in Sources */,
				84803CE120E290BB00A3E2D1 /* Concentration.swift in Sources */,
				84803CE320E291F700A3E2D1 /* Card.swift in Sources */,
			);
			runOnlyForDeploymentPostprocessing = 0;
		};
/* End PBXSourcesBuildPhase section */

/* Begin PBXVariantGroup section */
		84803CD120E2558D00A3E2D1 /* Main.storyboard */ = {
			isa = PBXVariantGroup;
			children = (
				84803CD220E2558D00A3E2D1 /* Base */,
			);
			name = Main.storyboard;
			sourceTree = "<group>";
		};
		84803CD620E2558D00A3E2D1 /* LaunchScreen.storyboard */ = {
			isa = PBXVariantGroup;
			children = (
				84803CD720E2558D00A3E2D1 /* Base */,
			);
			name = LaunchScreen.storyboard;
			sourceTree = "<group>";
		};
/* End PBXVariantGroup section */

/* Begin XCBuildConfiguration section */
		84803CDA20E2558D00A3E2D1 /* Debug */ = {
			isa = XCBuildConfiguration;
			buildSettings = {
				ALWAYS_SEARCH_USER_PATHS = NO;
				CLANG_ANALYZER_NONNULL = YES;
				CLANG_ANALYZER_NUMBER_OBJECT_CONVERSION = YES_AGGRESSIVE;
				CLANG_CXX_LANGUAGE_STANDARD = "gnu++14";
				CLANG_CXX_LIBRARY = "libc++";
				CLANG_ENABLE_MODULES = YES;
				CLANG_ENABLE_OBJC_ARC = YES;
				CLANG_WARN_BLOCK_CAPTURE_AUTORELEASING = YES;
				CLANG_WARN_BOOL_CONVERSION = YES;
				CLANG_WARN_COMMA = YES;
				CLANG_WARN_CONSTANT_CONVERSION = YES;
				CLANG_WARN_DIRECT_OBJC_ISA_USAGE = YES_ERROR;
				CLANG_WARN_DOCUMENTATION_COMMENTS = YES;
				CLANG_WARN_EMPTY_BODY = YES;
				CLANG_WARN_ENUM_CONVERSION = YES;
				CLANG_WARN_INFINITE_RECURSION = YES;
				CLANG_WARN_INT_CONVERSION = YES;
				CLANG_WARN_NON_LITERAL_NULL_CONVERSION = YES;
				CLANG_WARN_OBJC_LITERAL_CONVERSION = YES;
				CLANG_WARN_OBJC_ROOT_CLASS = YES_ERROR;
				CLANG_WARN_RANGE_LOOP_ANALYSIS = YES;
				CLANG_WARN_STRICT_PROTOTYPES = YES;
				CLANG_WARN_SUSPICIOUS_MOVE = YES;
				CLANG_WARN_UNGUARDED_AVAILABILITY = YES_AGGRESSIVE;
				CLANG_WARN_UNREACHABLE_CODE = YES;
				CLANG_WARN__DUPLICATE_METHOD_MATCH = YES;
				CODE_SIGN_IDENTITY = "iPhone Developer";
				COPY_PHASE_STRIP = NO;
				DEBUG_INFORMATION_FORMAT = dwarf;
				ENABLE_STRICT_OBJC_MSGSEND = YES;
				ENABLE_TESTABILITY = YES;
				GCC_C_LANGUAGE_STANDARD = gnu11;
				GCC_DYNAMIC_NO_PIC = NO;
				GCC_NO_COMMON_BLOCKS = YES;
				GCC_OPTIMIZATION_LEVEL = 0;
				GCC_PREPROCESSOR_DEFINITIONS = (
					"DEBUG=1",
					"$(inherited)",
				);
				GCC_WARN_64_TO_32_BIT_CONVERSION = YES;
				GCC_WARN_ABOUT_RETURN_TYPE = YES_ERROR;
				GCC_WARN_UNDECLARED_SELECTOR = YES;
				GCC_WARN_UNINITIALIZED_AUTOS = YES_AGGRESSIVE;
				GCC_WARN_UNUSED_FUNCTION = YES;
				GCC_WARN_UNUSED_VARIABLE = YES;
				IPHONEOS_DEPLOYMENT_TARGET = 11.2;
				MTL_ENABLE_DEBUG_INFO = YES;
				ONLY_ACTIVE_ARCH = YES;
				SDKROOT = iphoneos;
				SWIFT_ACTIVE_COMPILATION_CONDITIONS = DEBUG;
				SWIFT_OPTIMIZATION_LEVEL = "-Onone";
			};
			name = Debug;
		};
		84803CDB20E2558D00A3E2D1 /* Release */ = {
			isa = XCBuildConfiguration;
			buildSettings = {
				ALWAYS_SEARCH_USER_PATHS = NO;
				CLANG_ANALYZER_NONNULL = YES;
				CLANG_ANALYZER_NUMBER_OBJECT_CONVERSION = YES_AGGRESSIVE;
				CLANG_CXX_LANGUAGE_STANDARD = "gnu++14";
				CLANG_CXX_LIBRARY = "libc++";
				CLANG_ENABLE_MODULES = YES;
				CLANG_ENABLE_OBJC_ARC = YES;
				CLANG_WARN_BLOCK_CAPTURE_AUTORELEASING = YES;
				CLANG_WARN_BOOL_CONVERSION = YES;
				CLANG_WARN_COMMA = YES;
				CLANG_WARN_CONSTANT_CONVERSION = YES;
				CLANG_WARN_DIRECT_OBJC_ISA_USAGE = YES_ERROR;
				CLANG_WARN_DOCUMENTATION_COMMENTS = YES;
				CLANG_WARN_EMPTY_BODY = YES;
				CLANG_WARN_ENUM_CONVERSION = YES;
				CLANG_WARN_INFINITE_RECURSION = YES;
				CLANG_WARN_INT_CONVERSION = YES;
				CLANG_WARN_NON_LITERAL_NULL_CONVERSION = YES;
				CLANG_WARN_OBJC_LITERAL_CONVERSION = YES;
				CLANG_WARN_OBJC_ROOT_CLASS = YES_ERROR;
				CLANG_WARN_RANGE_LOOP_ANALYSIS = YES;
				CLANG_WARN_STRICT_PROTOTYPES = YES;
				CLANG_WARN_SUSPICIOUS_MOVE = YES;
				CLANG_WARN_UNGUARDED_AVAILABILITY = YES_AGGRESSIVE;
				CLANG_WARN_UNREACHABLE_CODE = YES;
				CLANG_WARN__DUPLICATE_METHOD_MATCH = YES;
				CODE_SIGN_IDENTITY = "iPhone Developer";
				COPY_PHASE_STRIP = NO;
				DEBUG_INFORMATION_FORMAT = "dwarf-with-dsym";
				ENABLE_NS_ASSERTIONS = NO;
				ENABLE_STRICT_OBJC_MSGSEND = YES;
				GCC_C_LANGUAGE_STANDARD = gnu11;
				GCC_NO_COMMON_BLOCKS = YES;
				GCC_WARN_64_TO_32_BIT_CONVERSION = YES;
				GCC_WARN_ABOUT_RETURN_TYPE = YES_ERROR;
				GCC_WARN_UNDECLARED_SELECTOR = YES;
				GCC_WARN_UNINITIALIZED_AUTOS = YES_AGGRESSIVE;
				GCC_WARN_UNUSED_FUNCTION = YES;
				GCC_WARN_UNUSED_VARIABLE = YES;
				IPHONEOS_DEPLOYMENT_TARGET = 11.2;
				MTL_ENABLE_DEBUG_INFO = NO;
				SDKROOT = iphoneos;
				SWIFT_OPTIMIZATION_LEVEL = "-Owholemodule";
				VALIDATE_PRODUCT = YES;
			};
			name = Release;
		};
		84803CDD20E2558D00A3E2D1 /* Debug */ = {
			isa = XCBuildConfiguration;
			buildSettings = {
				ASSETCATALOG_COMPILER_APPICON_NAME = AppIcon;
				CODE_SIGN_STYLE = Automatic;
				DEVELOPMENT_TEAM = 8Q329MWDUM;
				INFOPLIST_FILE = Cincentration/Info.plist;
				LD_RUNPATH_SEARCH_PATHS = "$(inherited) @executable_path/Frameworks";
				PRODUCT_BUNDLE_IDENTIFIER = com.orangegiant.Cincentration;
				PRODUCT_NAME = "$(TARGET_NAME)";
				SWIFT_VERSION = 4.0;
				TARGETED_DEVICE_FAMILY = "1,2";
			};
			name = Debug;
		};
		84803CDE20E2558D00A3E2D1 /* Release */ = {
			isa = XCBuildConfiguration;
			buildSettings = {
				ASSETCATALOG_COMPILER_APPICON_NAME = AppIcon;
				CODE_SIGN_STYLE = Automatic;
				DEVELOPMENT_TEAM = 8Q329MWDUM;
				INFOPLIST_FILE = Cincentration/Info.plist;
				LD_RUNPATH_SEARCH_PATHS = "$(inherited) @executable_path/Frameworks";
				PRODUCT_BUNDLE_IDENTIFIER = com.orangegiant.Cincentration;
				PRODUCT_NAME = "$(TARGET_NAME)";
				SWIFT_VERSION = 4.0;
				TARGETED_DEVICE_FAMILY = "1,2";
			};
			name = Release;
		};
/* End XCBuildConfiguration section */

/* Begin XCConfigurationList section */
		84803CC520E2558D00A3E2D1 /* Build configuration list for PBXProject "Cincentration" */ = {
			isa = XCConfigurationList;
			buildConfigurations = (
				84803CDA20E2558D00A3E2D1 /* Debug */,
				84803CDB20E2558D00A3E2D1 /* Release */,
			);
			defaultConfigurationIsVisible = 0;
			defaultConfigurationName = Release;
		};
		84803CDC20E2558D00A3E2D1 /* Build configuration list for PBXNativeTarget "Cincentration" */ = {
			isa = XCConfigurationList;
			buildConfigurations = (
				84803CDD20E2558D00A3E2D1 /* Debug */,
				84803CDE20E2558D00A3E2D1 /* Release */,
			);
			defaultConfigurationIsVisible = 0;
			defaultConfigurationName = Release;
		};
/* End XCConfigurationList section */
	};
	rootObject = 84803CC220E2558D00A3E2D1 /* Project object */;
}
